{
  "name": "intellitext",
  "version": "1.0.0",
  "lockfileVersion": 1,
  "requires": true,
  "dependencies": {
    "font-awesome": {
      "version": "http://registry.npmjs.org/font-awesome/-/font-awesome-4.7.0.tgz",
      "integrity": "sha1-j6jPBBGhoxr9B7BtKQK7n8gVoTM="
    },
    "froala-editor": {
      "version": "http://registry.npmjs.org/froala-editor/-/froala-editor-2.6.4.tgz",
      "integrity": "sha1-MNOAs1dyXAfxHy5hrgP1aUKg3C0=",
      "requires": {
        "font-awesome": "http://registry.npmjs.org/font-awesome/-/font-awesome-4.7.0.tgz",
        "jquery": "http://registry.npmjs.org/jquery/-/jquery-3.2.1.tgz"
      }
    },
    "jquery": {
      "version": "http://registry.npmjs.org/jquery/-/jquery-3.2.1.tgz",
      "integrity": "sha1-XE2d5lKvbNCncBVKYxu6ErAVx4c="
    }
  }
}
